# THIS IS AN AUTOGENERATED FILE. DO NOT EDIT THIS FILE DIRECTLY.
# yarn lockfile v1


"@opentok/client@^2.21.1":
  version "2.21.7"
  resolved "https://registry.yarnpkg.com/@opentok/client/-/client-2.21.7.tgz#2a0f1af7b6997cae97a1e2cd8e8843b2865e7072"
  integrity sha512-BXeIu9bL81PgJ23DEfaeteKG2Qz0GjRmXT/OmEd0wdsHHThyF/OgT5KG/3IZSkcXBOYSKJjcZUC54nacjazfag==

vue@^2.6.11:
  version "2.6.14"
  resolved "https://registry.yarnpkg.com/vue/-/vue-2.6.14.tgz#e51aa5250250d569a3fbad3a8a5a687d6036e235"
  integrity sha512-x2284lgYvjOMj3Za7kqzRcUSxBboHqtgRE2zlos1qWaOye5yUmHn42LB1250NJBLRwEcdrB0JRwyPTEPhfQjiQ==
